
Microsoft Visual Studio Solution File, Format Version 12.00
# Visual Studio Version 17
VisualStudioVersion = 17.8.34330.188
MinimumVisualStudioVersion = 10.0.40219.1
Project("{FAE04EC0-301F-11D3-BF4B-00C04F79EFBC}") = "TabControlCache", "TabControlCache\TabControlCache.csproj", "{DD36FE2F-04C5-4833-8821-FEA4D66474AF}"
EndProject
Global
	GlobalSection(SolutionConfigurationPlatforms) = preSolution
		Debug|Any CPU = Debug|Any CPU
		Release|Any CPU = Release|Any CPU
	EndGlobalSection
	GlobalSection(ProjectConfigurationPlatforms) = postSolution
		{DD36FE2F-04C5-4833-8821-FEA4D66474AF}.Debug|Any CPU.ActiveCfg = Debug|Any CPU
		{DD36FE2F-04C5-4833-8821-FEA4D66474AF}.Debug|Any CPU.Build.0 = Debug|Any CPU
		{DD36FE2F-04C5-4833-8821-FEA4D66474AF}.Release|Any CPU.ActiveCfg = Release|Any CPU
		{DD36FE2F-04C5-4833-8821-FEA4D66474AF}.Release|Any CPU.Build.0 = Release|Any CPU
	EndGlobalSection
	GlobalSection(SolutionProperties) = preSolution
		HideSolutionNode = FALSE
	EndGlobalSection
	GlobalSection(ExtensibilityGlobals) = postSolution
		SolutionGuid = {25118E1A-B54D-472D-BEC9-47C605DA2CDF}
	EndGlobalSection
EndGlobal
